
Microsoft Visual Studio Solution File, Format Version 12.00
# Visual Studio 14
VisualStudioVersion = 14.0.25420.1
MinimumVisualStudioVersion = 10.0.40219.1
Project("{FAE04EC0-301F-11D3-BF4B-00C04F79EFBC}") = "KellyTest", "KellyTest\KellyTest.csproj", "{8EC04C51-2A8D-4EB0-8DFE-80215BB1AD39}"
EndProject
Project("{FAE04EC0-301F-11D3-BF4B-00C04F79EFBC}") = "Repository", "Repository\Repository.csproj", "{F914DB51-695B-448B-9474-2B911E193513}"
EndProject
Project("{FAE04EC0-301F-11D3-BF4B-00C04F79EFBC}") = "Service", "Service\Service.csproj", "{8FEEA745-F4DB-4974-B3D0-7AB42C7FFB28}"
EndProject
Project("{FAE04EC0-301F-11D3-BF4B-00C04F79EFBC}") = "TestModel", "TestModel\TestModel.csproj", "{92058051-AC0F-44A6-9C1E-2B7C526689A9}"
EndProject
Project("{FAE04EC0-301F-11D3-BF4B-00C04F79EFBC}") = "UnitTest", "UnitTest\UnitTest.csproj", "{C158872A-8BDA-4565-8E14-59276C8CE37B}"
EndProject
Global
	GlobalSection(SolutionConfigurationPlatforms) = preSolution
		Debug|Any CPU = Debug|Any CPU
		Release|Any CPU = Release|Any CPU
	EndGlobalSection
	GlobalSection(ProjectConfigurationPlatforms) = postSolution
		{8EC04C51-2A8D-4EB0-8DFE-80215BB1AD39}.Debug|Any CPU.ActiveCfg = Debug|Any CPU
		{8EC04C51-2A8D-4EB0-8DFE-80215BB1AD39}.Debug|Any CPU.Build.0 = Debug|Any CPU
		{8EC04C51-2A8D-4EB0-8DFE-80215BB1AD39}.Release|Any CPU.ActiveCfg = Release|Any CPU
		{8EC04C51-2A8D-4EB0-8DFE-80215BB1AD39}.Release|Any CPU.Build.0 = Release|Any CPU
		{F914DB51-695B-448B-9474-2B911E193513}.Debug|Any CPU.ActiveCfg = Debug|Any CPU
		{F914DB51-695B-448B-9474-2B911E193513}.Debug|Any CPU.Build.0 = Debug|Any CPU
		{F914DB51-695B-448B-9474-2B911E193513}.Release|Any CPU.ActiveCfg = Release|Any CPU
		{F914DB51-695B-448B-9474-2B911E193513}.Release|Any CPU.Build.0 = Release|Any CPU
		{8FEEA745-F4DB-4974-B3D0-7AB42C7FFB28}.Debug|Any CPU.ActiveCfg = Debug|Any CPU
		{8FEEA745-F4DB-4974-B3D0-7AB42C7FFB28}.Debug|Any CPU.Build.0 = Debug|Any CPU
		{8FEEA745-F4DB-4974-B3D0-7AB42C7FFB28}.Release|Any CPU.ActiveCfg = Release|Any CPU
		{8FEEA745-F4DB-4974-B3D0-7AB42C7FFB28}.Release|Any CPU.Build.0 = Release|Any CPU
		{92058051-AC0F-44A6-9C1E-2B7C526689A9}.Debug|Any CPU.ActiveCfg = Debug|Any CPU
		{92058051-AC0F-44A6-9C1E-2B7C526689A9}.Debug|Any CPU.Build.0 = Debug|Any CPU
		{92058051-AC0F-44A6-9C1E-2B7C526689A9}.Release|Any CPU.ActiveCfg = Release|Any CPU
		{92058051-AC0F-44A6-9C1E-2B7C526689A9}.Release|Any CPU.Build.0 = Release|Any CPU
		{C158872A-8BDA-4565-8E14-59276C8CE37B}.Debug|Any CPU.ActiveCfg = Debug|Any CPU
		{C158872A-8BDA-4565-8E14-59276C8CE37B}.Debug|Any CPU.Build.0 = Debug|Any CPU
		{C158872A-8BDA-4565-8E14-59276C8CE37B}.Release|Any CPU.ActiveCfg = Release|Any CPU
		{C158872A-8BDA-4565-8E14-59276C8CE37B}.Release|Any CPU.Build.0 = Release|Any CPU
	EndGlobalSection
	GlobalSection(SolutionProperties) = preSolution
		HideSolutionNode = FALSE
	EndGlobalSection
EndGlobal
